
Microsoft Visual Studio Solution File, Format Version 12.00
# Visual Studio Version 16
VisualStudioVersion = 16.0.28407.52
MinimumVisualStudioVersion = 10.0.40219.1
Project("{9A19103F-16F7-4668-BE54-9A1E7A4F7556}") = "cosbak", "cosbak\cosbak.csproj", "{0EA4CA00-47BD-4284-9739-96CB533A8538}"
EndProject
Project("{FAE04EC0-301F-11D3-BF4B-00C04F79EFBC}") = "cosbak.test.feature", "cosbak.test.feature\cosbak.test.feature.csproj", "{951CE051-92FD-4D70-9863-8C698BF170AC}"
EndProject
Global
	GlobalSection(SolutionConfigurationPlatforms) = preSolution
		Debug|Any CPU = Debug|Any CPU
		Release|Any CPU = Release|Any CPU
	EndGlobalSection
	GlobalSection(ProjectConfigurationPlatforms) = postSolution
		{0EA4CA00-47BD-4284-9739-96CB533A8538}.Debug|Any CPU.ActiveCfg = Debug|Any CPU
		{0EA4CA00-47BD-4284-9739-96CB533A8538}.Debug|Any CPU.Build.0 = Debug|Any CPU
		{0EA4CA00-47BD-4284-9739-96CB533A8538}.Release|Any CPU.ActiveCfg = Release|Any CPU
		{0EA4CA00-47BD-4284-9739-96CB533A8538}.Release|Any CPU.Build.0 = Release|Any CPU
		{951CE051-92FD-4D70-9863-8C698BF170AC}.Debug|Any CPU.ActiveCfg = Debug|Any CPU
		{951CE051-92FD-4D70-9863-8C698BF170AC}.Debug|Any CPU.Build.0 = Debug|Any CPU
		{951CE051-92FD-4D70-9863-8C698BF170AC}.Release|Any CPU.ActiveCfg = Release|Any CPU
		{951CE051-92FD-4D70-9863-8C698BF170AC}.Release|Any CPU.Build.0 = Release|Any CPU
	EndGlobalSection
	GlobalSection(SolutionProperties) = preSolution
		HideSolutionNode = FALSE
	EndGlobalSection
	GlobalSection(ExtensibilityGlobals) = postSolution
		SolutionGuid = {89C91AE7-8FE9-4FB7-A6CC-D4188D70F48A}
	EndGlobalSection
EndGlobal
